{
  "nodes": {
    "aninarr": {
      "inputs": {
        "flake-utils": [
          "flake-utils"
        ],
        "nixpkgs": "nixpkgs"
      },
      "locked": {
        "lastModified": 1660429066,
        "narHash": "sha256-boEeVLlIyssKjqtwGDIwplwXXH6zRa6wvdf168xcFQk=",
        "ref": "main",
        "rev": "b563ab8fafbd13e558bb249ced7a992067f50679",
        "revCount": 274,
        "type": "git",
        "url": "ssh://git@github.com/wozeparrot/aninarr.git"
      },
      "original": {
        "ref": "main",
        "type": "git",
        "url": "ssh://git@github.com/wozeparrot/aninarr.git"
      }
    },
    "flake-utils": {
      "locked": {
        "lastModified": 1659877975,
        "narHash": "sha256-zllb8aq3YO3h8B/U0/J1WBgAL8EX5yWf5pMj3G0NAmc=",
        "owner": "numtide",
        "repo": "flake-utils",
        "rev": "c0e246b9b83f637f4681389ecabcb2681b4f3af0",
        "type": "github"
      },
      "original": {
        "owner": "numtide",
        "repo": "flake-utils",
        "type": "github"
      }
    },
    "home-manager": {
      "inputs": {
        "nixpkgs": [
          "nixpkgs"
        ],
        "utils": [
          "flake-utils"
        ]
      },
      "locked": {
        "lastModified": 1661573386,
        "narHash": "sha256-pBEg8iY00Af/SAtU2dlmOAv+2x7kScaGlFRDjNoVJO8=",
        "owner": "nix-community",
        "repo": "home-manager",
        "rev": "d89bdff445eadff03fe414e9c30486bc8166b72b",
        "type": "github"
      },
      "original": {
        "owner": "nix-community",
        "repo": "home-manager",
        "type": "github"
      }
    },
    "master": {
      "locked": {
        "lastModified": 1661741226,
        "narHash": "sha256-SvCfYIUuAnVRd1wtUcDWkZbmaRbcgSO8OC8VTcugDiA=",
        "owner": "NixOS",
        "repo": "nixpkgs",
        "rev": "ab0f52080fd0d50babb45aae14f605ffdb096e62",
        "type": "github"
      },
      "original": {
        "owner": "NixOS",
        "ref": "master",
        "repo": "nixpkgs",
        "type": "github"
      }
    },
    "n2n": {
      "inputs": {
        "flake-utils": [
          "flake-utils"
        ],
        "n2n": "n2n_2",
        "nixpkgs": [
          "nixpkgs"
        ]
      },
      "locked": {
        "lastModified": 1661301827,
        "narHash": "sha256-wMzr0vrSLiVzti5OONQtH9pNP36ZywESV+PULWF2T2k=",
        "ref": "main",
        "rev": "c2d972d1ba38ec9b7b8562881a373df119831f12",
        "revCount": 2,
        "type": "git",
        "url": "ssh://git@github.com/wozeparrot/n2n-nix.git"
      },
      "original": {
        "ref": "main",
        "type": "git",
        "url": "ssh://git@github.com/wozeparrot/n2n-nix.git"
      }
    },
    "n2n_2": {
      "flake": false,
      "locked": {
        "lastModified": 1657371499,
        "narHash": "sha256-W1N7lUKWAu4gymB8dgaHVR9ygyswoLUx9V6cTnCVovE=",
        "owner": "ntop",
        "repo": "n2n",
        "rev": "06c489fd8ad42d6c025beaea0fd62d7d4d948c31",
        "type": "github"
      },
      "original": {
        "owner": "ntop",
        "ref": "dev",
        "repo": "n2n",
        "type": "github"
      }
    },
    "nix-gaming": {
      "inputs": {
        "nixpkgs": "nixpkgs_2"
      },
      "locked": {
        "lastModified": 1661529565,
        "narHash": "sha256-X+SIKjD+2x9eOFYIw7lg+lc22VKCgGYPxuUG7T+sXJc=",
        "owner": "fufexan",
        "repo": "nix-gaming",
        "rev": "7fcf2ff6d369665e5de57791c9b0edfc40ebcb99",
        "type": "github"
      },
      "original": {
        "owner": "fufexan",
        "repo": "nix-gaming",
        "type": "github"
      }
    },
    "nix-ld": {
      "inputs": {
        "nixpkgs": [
          "nixpkgs"
        ],
        "utils": [
          "flake-utils"
        ]
      },
      "locked": {
        "lastModified": 1652641841,
        "narHash": "sha256-TTBz20XR2vmvOSDu8hXcbHbOEI0t/IWq8vZuRKyep1E=",
        "owner": "Mic92",
        "repo": "nix-ld",
        "rev": "c25cc4b5ec65f03c2bb96f927ae724a59c51d7ee",
        "type": "github"
      },
      "original": {
        "owner": "Mic92",
        "repo": "nix-ld",
        "type": "github"
      }
    },
    "nixpkgs": {
      "locked": {
        "lastModified": 1657356697,
        "narHash": "sha256-sT38tcx7m0Quz+Uj6jzx+yRa2+EVW2C3cE0FkROXUzQ=",
        "owner": "nixos",
        "repo": "nixpkgs",
        "rev": "87e7965bbcdbac3d103e3ed14ff04f719a4f7a58",
        "type": "github"
      },
      "original": {
        "owner": "nixos",
        "ref": "nixos-unstable",
        "repo": "nixpkgs",
        "type": "github"
      }
    },
    "nixpkgs_2": {
      "locked": {
        "lastModified": 1656401090,
        "narHash": "sha256-bUS2nfQsvTQW2z8SK7oEFSElbmoBahOPtbXPm0AL3I4=",
        "owner": "NixOS",
        "repo": "nixpkgs",
        "rev": "16de63fcc54e88b9a106a603038dd5dd2feb21eb",
        "type": "github"
      },
      "original": {
        "owner": "NixOS",
        "ref": "nixpkgs-unstable",
        "repo": "nixpkgs",
        "type": "github"
      }
    },
    "root": {
      "inputs": {
        "aninarr": "aninarr",
        "flake-utils": "flake-utils",
        "home-manager": "home-manager",
        "master": "master",
        "n2n": "n2n",
        "nix-gaming": "nix-gaming",
        "nix-ld": "nix-ld",
        "nixpkgs": [
          "unstable"
        ],
        "staging-next": "staging-next",
        "unstable": "unstable",
        "wozepkgs": "wozepkgs",
        "wozey": "wozey",
        "zigf": "zigf"
      }
    },
    "staging-next": {
      "locked": {
        "lastModified": 1661515308,
        "narHash": "sha256-vgHe/Nj8UY/Wx88+Nbm5P12iZie+kINMb28EjlULNhg=",
        "owner": "NixOS",
        "repo": "nixpkgs",
        "rev": "d944d69ed2e4046603e6cbfa98b18a08c3f9172f",
        "type": "github"
      },
      "original": {
        "owner": "NixOS",
        "ref": "staging-next",
        "repo": "nixpkgs",
        "type": "github"
      }
    },
    "unstable": {
      "locked": {
        "lastModified": 1661628722,
        "narHash": "sha256-oR/7NhG7pPkACToUtaaT6hH+rONE2z5/4NzjoUwEZt8=",
        "owner": "NixOS",
        "repo": "nixpkgs",
        "rev": "324c8aaf25b2f2027af7798e5582ce3040a793b6",
        "type": "github"
      },
      "original": {
        "owner": "NixOS",
        "ref": "nixos-unstable",
        "repo": "nixpkgs",
        "type": "github"
      }
    },
    "wozepkgs": {
      "locked": {
        "lastModified": 1661179897,
        "narHash": "sha256-MP0btm1emu9Db4dTEqI17SuiD8GNbaYLicazATKNaE8=",
        "owner": "wozeparrot",
        "repo": "nixpkgs",
        "rev": "e0c48730e0c6f4924a354e77cbbe77129f7fad4d",
        "type": "github"
      },
      "original": {
        "owner": "wozeparrot",
        "ref": "seaweedfs",
        "repo": "nixpkgs",
        "type": "github"
      }
    },
    "wozey": {
      "inputs": {
        "flake-utils": [
          "flake-utils"
        ],
        "nixpkgs": [
          "nixpkgs"
        ]
      },
      "locked": {
        "lastModified": 1652467589,
        "narHash": "sha256-jXSLhjSivDTOSaDY3MI1Npo491KA0ozScSSGbsQMSQw=",
        "ref": "main",
        "rev": "d9664b513c4ff1d17febb0bb2ad47c9d6f972d56",
        "revCount": 168,
        "type": "git",
        "url": "ssh://git@github.com/wozeparrot/wozey.service.git"
      },
      "original": {
        "ref": "main",
        "type": "git",
        "url": "ssh://git@github.com/wozeparrot/wozey.service.git"
      }
    },
    "zigf": {
      "inputs": {
        "flake-utils": [
          "flake-utils"
        ],
        "nixpkgs": [
          "nixpkgs"
        ]
      },
      "locked": {
        "lastModified": 1660697540,
        "narHash": "sha256-xo/0ot44oXRbhBiHfAxxqKiluW2B0fBKtwtctkr/Up4=",
        "owner": "arqv",
        "repo": "zig-overlay",
        "rev": "92883db3ddf748074643ece54b020337d020f7d2",
        "type": "github"
      },
      "original": {
        "owner": "arqv",
        "repo": "zig-overlay",
        "type": "github"
      }
    }
  },
  "root": "root",
  "version": 7
}
