{
  "nodes": {
    "home-manager": {
      "inputs": {
        "nixpkgs": [
          "unstable"
        ]
      },
      "locked": {
        "lastModified": 1617625716,
        "narHash": "sha256-B36WKNVwtmRk3oqJ9XbOca0iy1Ga1dW6E26iavRFPKQ=",
        "owner": "nix-community",
        "repo": "home-manager",
        "rev": "cc60c22c69e6967b732d02f072a9f1e30454e4f6",
        "type": "github"
      },
      "original": {
        "owner": "nix-community",
        "repo": "home-manager",
        "type": "github"
      }
    },
    "master": {
      "locked": {
        "lastModified": 1617713730,
        "narHash": "sha256-JgZN12g6lp+sQbcGf9LouV8uctDxRGusGxE1wrGAmc0=",
        "owner": "NixOS",
        "repo": "nixpkgs",
        "rev": "413e9561f817ae4cbeb870f777ec5a66ab34e76c",
        "type": "github"
      },
      "original": {
        "owner": "NixOS",
        "ref": "master",
        "repo": "nixpkgs",
        "type": "github"
      }
    },
    "root": {
      "inputs": {
        "home-manager": "home-manager",
        "master": "master",
        "unstable": "unstable"
      }
    },
    "unstable": {
      "locked": {
        "lastModified": 1617636226,
        "narHash": "sha256-iZhBWrOR2DoDs1C+0FlnM9AQLMol/qoGQ+d+S43CKJM=",
        "owner": "NixOS",
        "repo": "nixpkgs",
        "rev": "3d1a7716d7f1fccbd7d30ab3b2ed3db831f43bde",
        "type": "github"
      },
      "original": {
        "owner": "NixOS",
        "ref": "nixos-unstable",
        "repo": "nixpkgs",
        "type": "github"
      }
    }
  },
  "root": "root",
  "version": 7
}
