{
  "nodes": {
    "home-manager": {
      "inputs": {
        "nixpkgs": [
          "unstable"
        ]
      },
      "locked": {
        "lastModified": 1619330208,
        "narHash": "sha256-l2Ci3ZPsdjMoWtRdTEQQBOkYUisKYxfjeUs5QCTtuEY=",
        "owner": "nix-community",
        "repo": "home-manager",
        "rev": "827636c619ce0d8178ddc08ab86ee92b50f2e5b4",
        "type": "github"
      },
      "original": {
        "owner": "nix-community",
        "repo": "home-manager",
        "type": "github"
      }
    },
    "master": {
      "locked": {
        "lastModified": 1619382655,
        "narHash": "sha256-akmRwldU+3ZhPd9KnJ36225z3YTlEFlgQCjyZMhRJu0=",
        "owner": "NixOS",
        "repo": "nixpkgs",
        "rev": "e6b6b82d799cb61d4d0b894aedd5bec62f5c6822",
        "type": "github"
      },
      "original": {
        "owner": "NixOS",
        "ref": "master",
        "repo": "nixpkgs",
        "type": "github"
      }
    },
    "root": {
      "inputs": {
        "home-manager": "home-manager",
        "master": "master",
        "unstable": "unstable"
      }
    },
    "unstable": {
      "locked": {
        "lastModified": 1619232882,
        "narHash": "sha256-QS5CWxDYobx5cH3dm61k8jwgJlc4TCAo+o/9GwAc51M=",
        "owner": "NixOS",
        "repo": "nixpkgs",
        "rev": "93de027ee045d0c1fbf13418fb86d86e6309b962",
        "type": "github"
      },
      "original": {
        "owner": "NixOS",
        "ref": "nixos-unstable",
        "repo": "nixpkgs",
        "type": "github"
      }
    }
  },
  "root": "root",
  "version": 7
}
